
Microsoft Visual Studio Solution File, Format Version 12.00
# Visual Studio Version 16
VisualStudioVersion = 16.0.34031.81
MinimumVisualStudioVersion = 10.0.40219.1
Project("{F184B08F-C81C-45F6-A57F-5ABD9991F28F}") = "WebApplication2", "WebApplication2\WebApplication2.vbproj", "{4AF4C7D8-6953-42AB-A23A-FD9F76D0B814}"
EndProject
Global
	GlobalSection(SolutionConfigurationPlatforms) = preSolution
		Debug|Any CPU = Debug|Any CPU
		Release|Any CPU = Release|Any CPU
	EndGlobalSection
	GlobalSection(ProjectConfigurationPlatforms) = postSolution
		{4AF4C7D8-6953-42AB-A23A-FD9F76D0B814}.Debug|Any CPU.ActiveCfg = Debug|Any CPU
		{4AF4C7D8-6953-42AB-A23A-FD9F76D0B814}.Debug|Any CPU.Build.0 = Debug|Any CPU
		{4AF4C7D8-6953-42AB-A23A-FD9F76D0B814}.Release|Any CPU.ActiveCfg = Release|Any CPU
		{4AF4C7D8-6953-42AB-A23A-FD9F76D0B814}.Release|Any CPU.Build.0 = Release|Any CPU
	EndGlobalSection
	GlobalSection(SolutionProperties) = preSolution
		HideSolutionNode = FALSE
	EndGlobalSection
	GlobalSection(ExtensibilityGlobals) = postSolution
		SolutionGuid = {3F563F7B-3C45-4BD8-8355-26E2263F91A9}
	EndGlobalSection
EndGlobal
